
Microsoft Visual Studio Solution File, Format Version 12.00
# Visual Studio 15
VisualStudioVersion = 15.0.28307.779
MinimumVisualStudioVersion = 10.0.40219.1
Project("{FAE04EC0-301F-11D3-BF4B-00C04F79EFBC}") = "consoleApp", "consoleApp\consoleApp.csproj", "{7F0DD307-AC14-4E26-9952-9D31DF19E9D6}"
EndProject
Global
	GlobalSection(SolutionConfigurationPlatforms) = preSolution
		Debug|Any CPU = Debug|Any CPU
		Release|Any CPU = Release|Any CPU
	EndGlobalSection
	GlobalSection(ProjectConfigurationPlatforms) = postSolution
		{7F0DD307-AC14-4E26-9952-9D31DF19E9D6}.Debug|Any CPU.ActiveCfg = Debug|Any CPU
		{7F0DD307-AC14-4E26-9952-9D31DF19E9D6}.Debug|Any CPU.Build.0 = Debug|Any CPU
		{7F0DD307-AC14-4E26-9952-9D31DF19E9D6}.Release|Any CPU.ActiveCfg = Release|Any CPU
		{7F0DD307-AC14-4E26-9952-9D31DF19E9D6}.Release|Any CPU.Build.0 = Release|Any CPU
	EndGlobalSection
	GlobalSection(SolutionProperties) = preSolution
		HideSolutionNode = FALSE
	EndGlobalSection
	GlobalSection(ExtensibilityGlobals) = postSolution
		SolutionGuid = {CD751044-9E9E-4814-98F6-10047C9E95D3}
	EndGlobalSection
EndGlobal
